
Microsoft Visual Studio Solution File, Format Version 12.00
# Visual Studio 15
VisualStudioVersion = 15.0.28307.1525
MinimumVisualStudioVersion = 10.0.40219.1
Project("{E24C65DC-7377-472B-9ABA-BC803B73C61A}") = "BursTakip", "BursTakip", "{FEB47609-AE2E-4B51-8D6A-11D8FBF4F2D6}"
	ProjectSection(WebsiteProperties) = preProject
		SccProjectName = "SAK"
		SccAuxPath = "SAK"
		SccLocalPath = "SAK"
		SccProvider = "SAK"
		TargetFrameworkMoniker = ".NETFramework,Version%3Dv4.6.1"
		Debug.AspNetCompiler.VirtualPath = "/localhost_51044"
		Debug.AspNetCompiler.PhysicalPath = "BursTakip\"
		Debug.AspNetCompiler.TargetPath = "PrecompiledWeb\localhost_51044\"
		Debug.AspNetCompiler.Updateable = "true"
		Debug.AspNetCompiler.ForceOverwrite = "true"
		Debug.AspNetCompiler.FixedNames = "false"
		Debug.AspNetCompiler.Debug = "True"
		Release.AspNetCompiler.VirtualPath = "/localhost_51044"
		Release.AspNetCompiler.PhysicalPath = "BursTakip\"
		Release.AspNetCompiler.TargetPath = "PrecompiledWeb\localhost_51044\"
		Release.AspNetCompiler.Updateable = "true"
		Release.AspNetCompiler.ForceOverwrite = "true"
		Release.AspNetCompiler.FixedNames = "false"
		Release.AspNetCompiler.Debug = "False"
		VWDPort = "51044"
		SlnRelativePath = "BursTakip\"
		DefaultWebSiteLanguage = "Visual C#"
	EndProjectSection
EndProject
Global
	GlobalSection(SolutionConfigurationPlatforms) = preSolution
		Debug|Any CPU = Debug|Any CPU
	EndGlobalSection
	GlobalSection(ProjectConfigurationPlatforms) = postSolution
		{FEB47609-AE2E-4B51-8D6A-11D8FBF4F2D6}.Debug|Any CPU.ActiveCfg = Debug|Any CPU
		{FEB47609-AE2E-4B51-8D6A-11D8FBF4F2D6}.Debug|Any CPU.Build.0 = Debug|Any CPU
	EndGlobalSection
	GlobalSection(SolutionProperties) = preSolution
		HideSolutionNode = FALSE
	EndGlobalSection
	GlobalSection(ExtensibilityGlobals) = postSolution
		SolutionGuid = {CC00E7F9-B4C9-4977-9488-C4474EE123FF}
	EndGlobalSection
	GlobalSection(TeamFoundationVersionControl) = preSolution
		SccNumberOfProjects = 2
		SccEnterpriseProvider = {4CA58AB2-18FA-4F8D-95D4-32DDF27D184C}
		SccTeamFoundationServer = https://dev.azure.com/imrankucur
		SccLocalPath0 = .
		SccWebProject1 = true
		SccProjectUniqueName1 = BursTakip
		SccProjectName1 = BursTakip
		SccLocalPath1 = BursTakip
		SccProjectEnlistmentChoice1 = 2
	EndGlobalSection
EndGlobal
